
Microsoft Visual Studio Solution File, Format Version 12.00
# Visual Studio 15
VisualStudioVersion = 15.0.28307.136
MinimumVisualStudioVersion = 10.0.40219.1
Project("{FAE04EC0-301F-11D3-BF4B-00C04F79EFBC}") = "RMMS", "RMMS\RMMS.csproj", "{9538F373-447B-431C-924F-E343B378446A}"
EndProject
Project("{FAE04EC0-301F-11D3-BF4B-00C04F79EFBC}") = "RMMS.Entities", "RMMS.Entities\RMMS.Entities.csproj", "{C2F1F86C-BED1-4C91-8084-C7D9B1771700}"
EndProject
Project("{FAE04EC0-301F-11D3-BF4B-00C04F79EFBC}") = "RMMS.Data", "RMMS.Data\RMMS.Data.csproj", "{2DF0C0C4-C45A-468E-8F2E-C4CF7AEEB601}"
EndProject
Project("{2150E333-8FDC-42A3-9474-1A3956D46DE8}") = "Data", "Data", "{8BF87F8F-8EF2-40CF-9567-6BA037ECC209}"
EndProject
Project("{2150E333-8FDC-42A3-9474-1A3956D46DE8}") = "Web", "Web", "{C714113F-EFAA-4568-8172-778E20F13A4A}"
EndProject
Project("{2150E333-8FDC-42A3-9474-1A3956D46DE8}") = "Framework", "Framework", "{F63BD41F-9D3B-4D5A-85F5-578B33BCE0B9}"
EndProject
Project("{FAE04EC0-301F-11D3-BF4B-00C04F79EFBC}") = "RMMS.Model", "RMMS.Model\RMMS.Model.csproj", "{BF8A1E5D-1E29-4C57-ADCB-2C22A8ED82A9}"
EndProject
Project("{FAE04EC0-301F-11D3-BF4B-00C04F79EFBC}") = "RMMS.Framework", "RMMS.Framework\RMMS.Framework.csproj", "{D6AE660A-4387-4573-BFFE-3C45BF393057}"
EndProject
Project("{FAE04EC0-301F-11D3-BF4B-00C04F79EFBC}") = "Framework", "Framework\Framework.csproj", "{38DEACB2-3A5A-4A21-8557-349730E1ED3E}"
EndProject
Project("{2150E333-8FDC-42A3-9474-1A3956D46DE8}") = "Reporting", "Reporting", "{C525C673-63E3-4585-B69D-D87AE67CF9A6}"
EndProject
Project("{2150E333-8FDC-42A3-9474-1A3956D46DE8}") = "Repository", "Repository", "{B14B4309-05F5-4F1F-9667-EF684BD2888B}"
EndProject
Project("{FAE04EC0-301F-11D3-BF4B-00C04F79EFBC}") = "RMMS.Repo", "RMMS.Repo\RMMS.Repo.csproj", "{5F3E4FC4-E396-4751-B982-8C6F0D32E0C7}"
EndProject
Global
	GlobalSection(SolutionConfigurationPlatforms) = preSolution
		Debug|Any CPU = Debug|Any CPU
		Release|Any CPU = Release|Any CPU
	EndGlobalSection
	GlobalSection(ProjectConfigurationPlatforms) = postSolution
		{9538F373-447B-431C-924F-E343B378446A}.Debug|Any CPU.ActiveCfg = Debug|Any CPU
		{9538F373-447B-431C-924F-E343B378446A}.Debug|Any CPU.Build.0 = Debug|Any CPU
		{9538F373-447B-431C-924F-E343B378446A}.Release|Any CPU.ActiveCfg = Release|Any CPU
		{9538F373-447B-431C-924F-E343B378446A}.Release|Any CPU.Build.0 = Release|Any CPU
		{C2F1F86C-BED1-4C91-8084-C7D9B1771700}.Debug|Any CPU.ActiveCfg = Debug|Any CPU
		{C2F1F86C-BED1-4C91-8084-C7D9B1771700}.Debug|Any CPU.Build.0 = Debug|Any CPU
		{C2F1F86C-BED1-4C91-8084-C7D9B1771700}.Release|Any CPU.ActiveCfg = Release|Any CPU
		{C2F1F86C-BED1-4C91-8084-C7D9B1771700}.Release|Any CPU.Build.0 = Release|Any CPU
		{2DF0C0C4-C45A-468E-8F2E-C4CF7AEEB601}.Debug|Any CPU.ActiveCfg = Debug|Any CPU
		{2DF0C0C4-C45A-468E-8F2E-C4CF7AEEB601}.Debug|Any CPU.Build.0 = Debug|Any CPU
		{2DF0C0C4-C45A-468E-8F2E-C4CF7AEEB601}.Release|Any CPU.ActiveCfg = Release|Any CPU
		{2DF0C0C4-C45A-468E-8F2E-C4CF7AEEB601}.Release|Any CPU.Build.0 = Release|Any CPU
		{BF8A1E5D-1E29-4C57-ADCB-2C22A8ED82A9}.Debug|Any CPU.ActiveCfg = Debug|Any CPU
		{BF8A1E5D-1E29-4C57-ADCB-2C22A8ED82A9}.Debug|Any CPU.Build.0 = Debug|Any CPU
		{BF8A1E5D-1E29-4C57-ADCB-2C22A8ED82A9}.Release|Any CPU.ActiveCfg = Release|Any CPU
		{BF8A1E5D-1E29-4C57-ADCB-2C22A8ED82A9}.Release|Any CPU.Build.0 = Release|Any CPU
		{D6AE660A-4387-4573-BFFE-3C45BF393057}.Debug|Any CPU.ActiveCfg = Debug|Any CPU
		{D6AE660A-4387-4573-BFFE-3C45BF393057}.Debug|Any CPU.Build.0 = Debug|Any CPU
		{D6AE660A-4387-4573-BFFE-3C45BF393057}.Release|Any CPU.ActiveCfg = Release|Any CPU
		{D6AE660A-4387-4573-BFFE-3C45BF393057}.Release|Any CPU.Build.0 = Release|Any CPU
		{38DEACB2-3A5A-4A21-8557-349730E1ED3E}.Debug|Any CPU.ActiveCfg = Debug|Any CPU
		{38DEACB2-3A5A-4A21-8557-349730E1ED3E}.Debug|Any CPU.Build.0 = Debug|Any CPU
		{38DEACB2-3A5A-4A21-8557-349730E1ED3E}.Release|Any CPU.ActiveCfg = Release|Any CPU
		{38DEACB2-3A5A-4A21-8557-349730E1ED3E}.Release|Any CPU.Build.0 = Release|Any CPU
		{5F3E4FC4-E396-4751-B982-8C6F0D32E0C7}.Debug|Any CPU.ActiveCfg = Debug|Any CPU
		{5F3E4FC4-E396-4751-B982-8C6F0D32E0C7}.Debug|Any CPU.Build.0 = Debug|Any CPU
		{5F3E4FC4-E396-4751-B982-8C6F0D32E0C7}.Release|Any CPU.ActiveCfg = Release|Any CPU
		{5F3E4FC4-E396-4751-B982-8C6F0D32E0C7}.Release|Any CPU.Build.0 = Release|Any CPU
	EndGlobalSection
	GlobalSection(SolutionProperties) = preSolution
		HideSolutionNode = FALSE
	EndGlobalSection
	GlobalSection(NestedProjects) = preSolution
		{9538F373-447B-431C-924F-E343B378446A} = {C714113F-EFAA-4568-8172-778E20F13A4A}
		{C2F1F86C-BED1-4C91-8084-C7D9B1771700} = {8BF87F8F-8EF2-40CF-9567-6BA037ECC209}
		{2DF0C0C4-C45A-468E-8F2E-C4CF7AEEB601} = {8BF87F8F-8EF2-40CF-9567-6BA037ECC209}
		{BF8A1E5D-1E29-4C57-ADCB-2C22A8ED82A9} = {C714113F-EFAA-4568-8172-778E20F13A4A}
		{D6AE660A-4387-4573-BFFE-3C45BF393057} = {C714113F-EFAA-4568-8172-778E20F13A4A}
		{38DEACB2-3A5A-4A21-8557-349730E1ED3E} = {F63BD41F-9D3B-4D5A-85F5-578B33BCE0B9}
		{5F3E4FC4-E396-4751-B982-8C6F0D32E0C7} = {B14B4309-05F5-4F1F-9667-EF684BD2888B}
	EndGlobalSection
	GlobalSection(ExtensibilityGlobals) = postSolution
		SolutionGuid = {A02FDE2D-039E-42E8-8C6C-49EED1631E14}
	EndGlobalSection
EndGlobal
